{
  "name": "zkexpense",
  "version": "1.0.0",
  "lockfileVersion": 3,
  "requires": true,
  "packages": {
    "": {
      "name": "zkexpense",
      "version": "1.0.0",
      "license": "ISC",
      "dependencies": {
        "@zkpassport/poseidon2": "^0.6.2"
      }
    },
    "node_modules/@zkpassport/poseidon2": {
      "version": "0.6.2",
      "resolved": "https://registry.npmjs.org/@zkpassport/poseidon2/-/poseidon2-0.6.2.tgz",
      "integrity": "sha512-6sFHX9kAcrmDmBEEndvjZ8DA9FomunirQ5oCV6oD7bqr/lP0n0OBSRn86SZgQBXwRR+vq7sk16y31OgRBIOJ5Q==",
      "license": "MIT"
    }
  }
}
